
Microsoft Visual Studio Solution File, Format Version 12.00
# Visual Studio 15
VisualStudioVersion = 15.0.28307.1433
MinimumVisualStudioVersion = 10.0.40219.1
Project("{FAE04EC0-301F-11D3-BF4B-00C04F79EFBC}") = "01SumAdjacentEqualNumbers", "Lists - Lab\01SumAdjacentEqualNumbers.csproj", "{3C057260-108C-43C5-9FF4-06A10045FA1C}"
EndProject
Project("{FAE04EC0-301F-11D3-BF4B-00C04F79EFBC}") = "02Gauss'Trick", "02Gauss'Trick\02Gauss'Trick.csproj", "{FD18EF6E-86E1-48D3-85DD-592CF137C087}"
EndProject
Project("{FAE04EC0-301F-11D3-BF4B-00C04F79EFBC}") = "03MergingLists", "03MergingLists\03MergingLists.csproj", "{6D8A4F48-2999-4C55-8DA6-5455E6AF0DB1}"
EndProject
Global
	GlobalSection(SolutionConfigurationPlatforms) = preSolution
		Debug|Any CPU = Debug|Any CPU
		Release|Any CPU = Release|Any CPU
	EndGlobalSection
	GlobalSection(ProjectConfigurationPlatforms) = postSolution
		{3C057260-108C-43C5-9FF4-06A10045FA1C}.Debug|Any CPU.ActiveCfg = Debug|Any CPU
		{3C057260-108C-43C5-9FF4-06A10045FA1C}.Debug|Any CPU.Build.0 = Debug|Any CPU
		{3C057260-108C-43C5-9FF4-06A10045FA1C}.Release|Any CPU.ActiveCfg = Release|Any CPU
		{3C057260-108C-43C5-9FF4-06A10045FA1C}.Release|Any CPU.Build.0 = Release|Any CPU
		{FD18EF6E-86E1-48D3-85DD-592CF137C087}.Debug|Any CPU.ActiveCfg = Debug|Any CPU
		{FD18EF6E-86E1-48D3-85DD-592CF137C087}.Debug|Any CPU.Build.0 = Debug|Any CPU
		{FD18EF6E-86E1-48D3-85DD-592CF137C087}.Release|Any CPU.ActiveCfg = Release|Any CPU
		{FD18EF6E-86E1-48D3-85DD-592CF137C087}.Release|Any CPU.Build.0 = Release|Any CPU
		{6D8A4F48-2999-4C55-8DA6-5455E6AF0DB1}.Debug|Any CPU.ActiveCfg = Debug|Any CPU
		{6D8A4F48-2999-4C55-8DA6-5455E6AF0DB1}.Debug|Any CPU.Build.0 = Debug|Any CPU
		{6D8A4F48-2999-4C55-8DA6-5455E6AF0DB1}.Release|Any CPU.ActiveCfg = Release|Any CPU
		{6D8A4F48-2999-4C55-8DA6-5455E6AF0DB1}.Release|Any CPU.Build.0 = Release|Any CPU
	EndGlobalSection
	GlobalSection(SolutionProperties) = preSolution
		HideSolutionNode = FALSE
	EndGlobalSection
	GlobalSection(ExtensibilityGlobals) = postSolution
		SolutionGuid = {ABEDE1FA-D2FA-4310-81C4-1B6697C5B570}
	EndGlobalSection
EndGlobal
