
Microsoft Visual Studio Solution File, Format Version 12.00
# Visual Studio Version 16
VisualStudioVersion = 16.0.30907.101
MinimumVisualStudioVersion = 10.0.40219.1
Project("{FAE04EC0-301F-11D3-BF4B-00C04F79EFBC}") = "02PrintNumbersInReverseOrder", "02PrintNumbersInReverseOrder\02PrintNumbersInReverseOrder.csproj", "{B48E5051-BDC7-4773-8DB4-0BA305B666C9}"
EndProject
Project("{FAE04EC0-301F-11D3-BF4B-00C04F79EFBC}") = "03RoundingNumbers", "03RoundingNumbers\03RoundingNumbers.csproj", "{50FCD2C8-EF43-4CA9-A600-7451A6BB9D31}"
EndProject
Project("{FAE04EC0-301F-11D3-BF4B-00C04F79EFBC}") = "01DayOfWeek", "01DayOfWeek\01DayOfWeek.csproj", "{7CB63890-D987-46B3-9278-53DFF96EE1F5}"
EndProject
Project("{FAE04EC0-301F-11D3-BF4B-00C04F79EFBC}") = "04ReverseArrayOfStrings", "04ReverseArrayOfStrings\04ReverseArrayOfStrings.csproj", "{C7FCB784-2039-4CD4-8CFC-1C47AFF393D1}"
EndProject
Project("{FAE04EC0-301F-11D3-BF4B-00C04F79EFBC}") = "05SumEvenNumbers", "05SumEvenNumbers\05SumEvenNumbers.csproj", "{7FF0E637-BD58-4C58-B348-34A551D4EBE2}"
EndProject
Project("{FAE04EC0-301F-11D3-BF4B-00C04F79EFBC}") = "06EvenAndOddSubtraction", "06EvenAndOddSubtraction\06EvenAndOddSubtraction.csproj", "{A1C8FC39-F8B8-4642-9C22-D9FB0FED3293}"
EndProject
Project("{FAE04EC0-301F-11D3-BF4B-00C04F79EFBC}") = "07EqualArrays", "07EqualArrays\07EqualArrays.csproj", "{527D9EC2-7BE2-4D5F-8DFB-FAF17D384359}"
EndProject
Global
	GlobalSection(SolutionConfigurationPlatforms) = preSolution
		Debug|Any CPU = Debug|Any CPU
		Release|Any CPU = Release|Any CPU
	EndGlobalSection
	GlobalSection(ProjectConfigurationPlatforms) = postSolution
		{B48E5051-BDC7-4773-8DB4-0BA305B666C9}.Debug|Any CPU.ActiveCfg = Debug|Any CPU
		{B48E5051-BDC7-4773-8DB4-0BA305B666C9}.Debug|Any CPU.Build.0 = Debug|Any CPU
		{B48E5051-BDC7-4773-8DB4-0BA305B666C9}.Release|Any CPU.ActiveCfg = Release|Any CPU
		{B48E5051-BDC7-4773-8DB4-0BA305B666C9}.Release|Any CPU.Build.0 = Release|Any CPU
		{50FCD2C8-EF43-4CA9-A600-7451A6BB9D31}.Debug|Any CPU.ActiveCfg = Debug|Any CPU
		{50FCD2C8-EF43-4CA9-A600-7451A6BB9D31}.Debug|Any CPU.Build.0 = Debug|Any CPU
		{50FCD2C8-EF43-4CA9-A600-7451A6BB9D31}.Release|Any CPU.ActiveCfg = Release|Any CPU
		{50FCD2C8-EF43-4CA9-A600-7451A6BB9D31}.Release|Any CPU.Build.0 = Release|Any CPU
		{7CB63890-D987-46B3-9278-53DFF96EE1F5}.Debug|Any CPU.ActiveCfg = Debug|Any CPU
		{7CB63890-D987-46B3-9278-53DFF96EE1F5}.Debug|Any CPU.Build.0 = Debug|Any CPU
		{7CB63890-D987-46B3-9278-53DFF96EE1F5}.Release|Any CPU.ActiveCfg = Release|Any CPU
		{7CB63890-D987-46B3-9278-53DFF96EE1F5}.Release|Any CPU.Build.0 = Release|Any CPU
		{C7FCB784-2039-4CD4-8CFC-1C47AFF393D1}.Debug|Any CPU.ActiveCfg = Debug|Any CPU
		{C7FCB784-2039-4CD4-8CFC-1C47AFF393D1}.Debug|Any CPU.Build.0 = Debug|Any CPU
		{C7FCB784-2039-4CD4-8CFC-1C47AFF393D1}.Release|Any CPU.ActiveCfg = Release|Any CPU
		{C7FCB784-2039-4CD4-8CFC-1C47AFF393D1}.Release|Any CPU.Build.0 = Release|Any CPU
		{7FF0E637-BD58-4C58-B348-34A551D4EBE2}.Debug|Any CPU.ActiveCfg = Debug|Any CPU
		{7FF0E637-BD58-4C58-B348-34A551D4EBE2}.Debug|Any CPU.Build.0 = Debug|Any CPU
		{7FF0E637-BD58-4C58-B348-34A551D4EBE2}.Release|Any CPU.ActiveCfg = Release|Any CPU
		{7FF0E637-BD58-4C58-B348-34A551D4EBE2}.Release|Any CPU.Build.0 = Release|Any CPU
		{A1C8FC39-F8B8-4642-9C22-D9FB0FED3293}.Debug|Any CPU.ActiveCfg = Debug|Any CPU
		{A1C8FC39-F8B8-4642-9C22-D9FB0FED3293}.Debug|Any CPU.Build.0 = Debug|Any CPU
		{A1C8FC39-F8B8-4642-9C22-D9FB0FED3293}.Release|Any CPU.ActiveCfg = Release|Any CPU
		{A1C8FC39-F8B8-4642-9C22-D9FB0FED3293}.Release|Any CPU.Build.0 = Release|Any CPU
		{527D9EC2-7BE2-4D5F-8DFB-FAF17D384359}.Debug|Any CPU.ActiveCfg = Debug|Any CPU
		{527D9EC2-7BE2-4D5F-8DFB-FAF17D384359}.Debug|Any CPU.Build.0 = Debug|Any CPU
		{527D9EC2-7BE2-4D5F-8DFB-FAF17D384359}.Release|Any CPU.ActiveCfg = Release|Any CPU
		{527D9EC2-7BE2-4D5F-8DFB-FAF17D384359}.Release|Any CPU.Build.0 = Release|Any CPU
	EndGlobalSection
	GlobalSection(SolutionProperties) = preSolution
		HideSolutionNode = FALSE
	EndGlobalSection
	GlobalSection(ExtensibilityGlobals) = postSolution
		SolutionGuid = {F8E58FF5-B0DB-4EC0-AAEC-71A3737A41AE}
	EndGlobalSection
EndGlobal
